
Microsoft Visual Studio Solution File, Format Version 12.00
# Visual Studio 15
VisualStudioVersion = 15.0.26730.16
MinimumVisualStudioVersion = 10.0.40219.1
Project("{FAE04EC0-301F-11D3-BF4B-00C04F79EFBC}") = "Agenda_de_Compromissos", "Agenda_de_Compromissos\Agenda_de_Compromissos.csproj", "{6341774F-66F7-4283-8F18-D8ED62F9A893}"
EndProject
Global
	GlobalSection(SolutionConfigurationPlatforms) = preSolution
		Debug|Any CPU = Debug|Any CPU
		Release|Any CPU = Release|Any CPU
	EndGlobalSection
	GlobalSection(ProjectConfigurationPlatforms) = postSolution
		{6341774F-66F7-4283-8F18-D8ED62F9A893}.Debug|Any CPU.ActiveCfg = Debug|Any CPU
		{6341774F-66F7-4283-8F18-D8ED62F9A893}.Debug|Any CPU.Build.0 = Debug|Any CPU
		{6341774F-66F7-4283-8F18-D8ED62F9A893}.Release|Any CPU.ActiveCfg = Release|Any CPU
		{6341774F-66F7-4283-8F18-D8ED62F9A893}.Release|Any CPU.Build.0 = Release|Any CPU
	EndGlobalSection
	GlobalSection(SolutionProperties) = preSolution
		HideSolutionNode = FALSE
	EndGlobalSection
	GlobalSection(ExtensibilityGlobals) = postSolution
		SolutionGuid = {DED0B23D-F4BB-4A5D-A3B8-A4CA7D427CC5}
	EndGlobalSection
EndGlobal
